
Microsoft Visual Studio Solution File, Format Version 12.00
# Visual Studio Version 17
VisualStudioVersion = 17.3.32825.248
MinimumVisualStudioVersion = 10.0.40219.1
Project("{FAE04EC0-301F-11D3-BF4B-00C04F79EFBC}") = "WebSwagger", "WebSwagger.csproj", "{2866414D-FD30-4083-BB7D-C07BA5A73BAA}"
EndProject
Global
	GlobalSection(SolutionConfigurationPlatforms) = preSolution
		Debug|Any CPU = Debug|Any CPU
		Release|Any CPU = Release|Any CPU
	EndGlobalSection
	GlobalSection(ProjectConfigurationPlatforms) = postSolution
		{2866414D-FD30-4083-BB7D-C07BA5A73BAA}.Debug|Any CPU.ActiveCfg = Debug|Any CPU
		{2866414D-FD30-4083-BB7D-C07BA5A73BAA}.Debug|Any CPU.Build.0 = Debug|Any CPU
		{2866414D-FD30-4083-BB7D-C07BA5A73BAA}.Release|Any CPU.ActiveCfg = Release|Any CPU
		{2866414D-FD30-4083-BB7D-C07BA5A73BAA}.Release|Any CPU.Build.0 = Release|Any CPU
	EndGlobalSection
	GlobalSection(SolutionProperties) = preSolution
		HideSolutionNode = FALSE
	EndGlobalSection
	GlobalSection(ExtensibilityGlobals) = postSolution
		SolutionGuid = {2C02C230-7922-4107-BBCF-62D180EF3C10}
	EndGlobalSection
EndGlobal
